// !$*UTF8*$!
{
	archiveVersion = 1;
	classes = {
	};
	objectVersion = 56;
	objects = {

/* Begin PBXBuildFile section */
		AC1F5C17296964970099037C /* ScrumProgressViewStyle.swift in Sources */ = {isa = PBXBuildFile; fileRef = AC1F5C16296964970099037C /* ScrumProgressViewStyle.swift */; };
		AC1F5C19296965020099037C /* ScrumTimer.swift in Sources */ = {isa = PBXBuildFile; fileRef = AC1F5C18296965020099037C /* ScrumTimer.swift */; };
		AC1F5C1B296965410099037C /* AVPlayer+Ding.swift in Sources */ = {isa = PBXBuildFile; fileRef = AC1F5C1A296965410099037C /* AVPlayer+Ding.swift */; };
		AC1F5C1D296967A90099037C /* MeetingFooterView.swift in Sources */ = {isa = PBXBuildFile; fileRef = AC1F5C1C296967A90099037C /* MeetingFooterView.swift */; };
		AC2258EA296852940095EDC4 /* MeetingHeaderView.swift in Sources */ = {isa = PBXBuildFile; fileRef = AC2258E9296852940095EDC4 /* MeetingHeaderView.swift */; };
		AC41B779296C442C00E4B5A5 /* ErrorWrapped.swift in Sources */ = {isa = PBXBuildFile; fileRef = AC41B778296C442C00E4B5A5 /* ErrorWrapped.swift */; };
		AC41B77B296C449C00E4B5A5 /* ErrorView.swift in Sources */ = {isa = PBXBuildFile; fileRef = AC41B77A296C449C00E4B5A5 /* ErrorView.swift */; };
		AC41B77D296C510400E4B5A5 /* MeetingTimerView.swift in Sources */ = {isa = PBXBuildFile; fileRef = AC41B77C296C510400E4B5A5 /* MeetingTimerView.swift */; };
		AC41B77F296C53B200E4B5A5 /* SpeakerArc.swift in Sources */ = {isa = PBXBuildFile; fileRef = AC41B77E296C53B200E4B5A5 /* SpeakerArc.swift */; };
		AC41B782296C628800E4B5A5 /* SpeechRecognizer.swift in Sources */ = {isa = PBXBuildFile; fileRef = AC41B781296C628800E4B5A5 /* SpeechRecognizer.swift */; };
		AC41B784296C669200E4B5A5 /* HistoryView.swift in Sources */ = {isa = PBXBuildFile; fileRef = AC41B783296C669200E4B5A5 /* HistoryView.swift */; };
		AC44C83E2965793E000727C2 /* ScrumdingerApp.swift in Sources */ = {isa = PBXBuildFile; fileRef = AC44C83D2965793E000727C2 /* ScrumdingerApp.swift */; };
		AC44C8402965793E000727C2 /* MeetingView.swift in Sources */ = {isa = PBXBuildFile; fileRef = AC44C83F2965793E000727C2 /* MeetingView.swift */; };
		AC44C8422965793F000727C2 /* Assets.xcassets in Resources */ = {isa = PBXBuildFile; fileRef = AC44C8412965793F000727C2 /* Assets.xcassets */; };
		AC44C8452965793F000727C2 /* Preview Assets.xcassets in Resources */ = {isa = PBXBuildFile; fileRef = AC44C8442965793F000727C2 /* Preview Assets.xcassets */; };
		AC44C84D29658591000727C2 /* Theme.swift..swift in Sources */ = {isa = PBXBuildFile; fileRef = AC44C84C29658591000727C2 /* Theme.swift..swift */; };
		AC44C84F29658948000727C2 /* DailyScrum.swift in Sources */ = {isa = PBXBuildFile; fileRef = AC44C84E29658948000727C2 /* DailyScrum.swift */; };
		AC44C85329658D5C000727C2 /* CardView.swift in Sources */ = {isa = PBXBuildFile; fileRef = AC44C85229658D5C000727C2 /* CardView.swift */; };
		AC44C8552965914B000727C2 /* TrailingIconLabelStyle.swift in Sources */ = {isa = PBXBuildFile; fileRef = AC44C8542965914B000727C2 /* TrailingIconLabelStyle.swift */; };
		AC44C85729659397000727C2 /* ScrumView.swift in Sources */ = {isa = PBXBuildFile; fileRef = AC44C85629659397000727C2 /* ScrumView.swift */; };
		AC44C85929659C27000727C2 /* DetailView.swift in Sources */ = {isa = PBXBuildFile; fileRef = AC44C85829659C27000727C2 /* DetailView.swift */; };
		AC44C85B2965DBAD000727C2 /* DetailEditView.swift in Sources */ = {isa = PBXBuildFile; fileRef = AC44C85A2965DBAD000727C2 /* DetailEditView.swift */; };
		AC7E32C7296C1139007BF118 /* History .swift in Sources */ = {isa = PBXBuildFile; fileRef = AC7E32C6296C1139007BF118 /* History .swift */; };
		AC7E32C9296C14A7007BF118 /* ScrumStore.swift in Sources */ = {isa = PBXBuildFile; fileRef = AC7E32C8296C14A7007BF118 /* ScrumStore.swift */; };
		ACC305D72966E035003EBA14 /* ThemesView.swift in Sources */ = {isa = PBXBuildFile; fileRef = ACC305D62966E035003EBA14 /* ThemesView.swift */; };
		ACEF76CB2966EAE8007183BD /* ThemePicker.swift in Sources */ = {isa = PBXBuildFile; fileRef = ACEF76CA2966EAE8007183BD /* ThemePicker.swift */; };
/* End PBXBuildFile section */

/* Begin PBXFileReference section */
		AC1F5C16296964970099037C /* ScrumProgressViewStyle.swift */ = {isa = PBXFileReference; lastKnownFileType = sourcecode.swift; path = ScrumProgressViewStyle.swift; sourceTree = "<group>"; };
		AC1F5C18296965020099037C /* ScrumTimer.swift */ = {isa = PBXFileReference; lastKnownFileType = sourcecode.swift; path = ScrumTimer.swift; sourceTree = "<group>"; };
		AC1F5C1A296965410099037C /* AVPlayer+Ding.swift */ = {isa = PBXFileReference; lastKnownFileType = sourcecode.swift; path = "AVPlayer+Ding.swift"; sourceTree = "<group>"; };
		AC1F5C1C296967A90099037C /* MeetingFooterView.swift */ = {isa = PBXFileReference; lastKnownFileType = sourcecode.swift; path = MeetingFooterView.swift; sourceTree = "<group>"; };
		AC2258E9296852940095EDC4 /* MeetingHeaderView.swift */ = {isa = PBXFileReference; lastKnownFileType = sourcecode.swift; path = MeetingHeaderView.swift; sourceTree = "<group>"; };
		AC41B778296C442C00E4B5A5 /* ErrorWrapped.swift */ = {isa = PBXFileReference; lastKnownFileType = sourcecode.swift; path = ErrorWrapped.swift; sourceTree = "<group>"; };
		AC41B77A296C449C00E4B5A5 /* ErrorView.swift */ = {isa = PBXFileReference; lastKnownFileType = sourcecode.swift; path = ErrorView.swift; sourceTree = "<group>"; };
		AC41B77C296C510400E4B5A5 /* MeetingTimerView.swift */ = {isa = PBXFileReference; lastKnownFileType = sourcecode.swift; path = MeetingTimerView.swift; sourceTree = "<group>"; };
		AC41B77E296C53B200E4B5A5 /* SpeakerArc.swift */ = {isa = PBXFileReference; lastKnownFileType = sourcecode.swift; path = SpeakerArc.swift; sourceTree = "<group>"; };
		AC41B780296C61F400E4B5A5 /* Info.plist */ = {isa = PBXFileReference; lastKnownFileType = text.plist; path = Info.plist; sourceTree = "<group>"; };
		AC41B781296C628800E4B5A5 /* SpeechRecognizer.swift */ = {isa = PBXFileReference; lastKnownFileType = sourcecode.swift; path = SpeechRecognizer.swift; sourceTree = "<group>"; };
		AC41B783296C669200E4B5A5 /* HistoryView.swift */ = {isa = PBXFileReference; lastKnownFileType = sourcecode.swift; path = HistoryView.swift; sourceTree = "<group>"; };
		AC44C83A2965793E000727C2 /* Scrumdinger.app */ = {isa = PBXFileReference; explicitFileType = wrapper.application; includeInIndex = 0; path = Scrumdinger.app; sourceTree = BUILT_PRODUCTS_DIR; };
		AC44C83D2965793E000727C2 /* ScrumdingerApp.swift */ = {isa = PBXFileReference; lastKnownFileType = sourcecode.swift; path = ScrumdingerApp.swift; sourceTree = "<group>"; };
		AC44C83F2965793E000727C2 /* MeetingView.swift */ = {isa = PBXFileReference; lastKnownFileType = sourcecode.swift; path = MeetingView.swift; sourceTree = "<group>"; };
		AC44C8412965793F000727C2 /* Assets.xcassets */ = {isa = PBXFileReference; lastKnownFileType = folder.assetcatalog; path = Assets.xcassets; sourceTree = "<group>"; };
		AC44C8442965793F000727C2 /* Preview Assets.xcassets */ = {isa = PBXFileReference; lastKnownFileType = folder.assetcatalog; path = "Preview Assets.xcassets"; sourceTree = "<group>"; };
		AC44C84C29658591000727C2 /* Theme.swift..swift */ = {isa = PBXFileReference; lastKnownFileType = sourcecode.swift; path = Theme.swift..swift; sourceTree = "<group>"; };
		AC44C84E29658948000727C2 /* DailyScrum.swift */ = {isa = PBXFileReference; lastKnownFileType = sourcecode.swift; path = DailyScrum.swift; sourceTree = "<group>"; };
		AC44C85229658D5C000727C2 /* CardView.swift */ = {isa = PBXFileReference; lastKnownFileType = sourcecode.swift; path = CardView.swift; sourceTree = "<group>"; };
		AC44C8542965914B000727C2 /* TrailingIconLabelStyle.swift */ = {isa = PBXFileReference; lastKnownFileType = sourcecode.swift; path = TrailingIconLabelStyle.swift; sourceTree = "<group>"; };
		AC44C85629659397000727C2 /* ScrumView.swift */ = {isa = PBXFileReference; lastKnownFileType = sourcecode.swift; path = ScrumView.swift; sourceTree = "<group>"; };
		AC44C85829659C27000727C2 /* DetailView.swift */ = {isa = PBXFileReference; lastKnownFileType = sourcecode.swift; path = DetailView.swift; sourceTree = "<group>"; };
		AC44C85A2965DBAD000727C2 /* DetailEditView.swift */ = {isa = PBXFileReference; lastKnownFileType = sourcecode.swift; path = DetailEditView.swift; sourceTree = "<group>"; };
		AC7E32C6296C1139007BF118 /* History .swift */ = {isa = PBXFileReference; lastKnownFileType = sourcecode.swift; path = "History .swift"; sourceTree = "<group>"; };
		AC7E32C8296C14A7007BF118 /* ScrumStore.swift */ = {isa = PBXFileReference; lastKnownFileType = sourcecode.swift; path = ScrumStore.swift; sourceTree = "<group>"; };
		ACC305D62966E035003EBA14 /* ThemesView.swift */ = {isa = PBXFileReference; lastKnownFileType = sourcecode.swift; path = ThemesView.swift; sourceTree = "<group>"; };
		ACEF76CA2966EAE8007183BD /* ThemePicker.swift */ = {isa = PBXFileReference; lastKnownFileType = sourcecode.swift; path = ThemePicker.swift; sourceTree = "<group>"; };
/* End PBXFileReference section */

/* Begin PBXFrameworksBuildPhase section */
		AC44C8372965793E000727C2 /* Frameworks */ = {
			isa = PBXFrameworksBuildPhase;
			buildActionMask = 2147483647;
			files = (
			);
			runOnlyForDeploymentPostprocessing = 0;
		};
/* End PBXFrameworksBuildPhase section */

/* Begin PBXGroup section */
		AC44C8312965793E000727C2 = {
			isa = PBXGroup;
			children = (
				AC44C83C2965793E000727C2 /* Scrumdinger */,
				AC44C83B2965793E000727C2 /* Products */,
			);
			sourceTree = "<group>";
		};
		AC44C83B2965793E000727C2 /* Products */ = {
			isa = PBXGroup;
			children = (
				AC44C83A2965793E000727C2 /* Scrumdinger.app */,
			);
			name = Products;
			sourceTree = "<group>";
		};
		AC44C83C2965793E000727C2 /* Scrumdinger */ = {
			isa = PBXGroup;
			children = (
				AC41B780296C61F400E4B5A5 /* Info.plist */,
				AC44C84B2965854C000727C2 /* Models */,
				AC44C83D2965793E000727C2 /* ScrumdingerApp.swift */,
				AC44C8542965914B000727C2 /* TrailingIconLabelStyle.swift */,
				AC41B77A296C449C00E4B5A5 /* ErrorView.swift */,
				AC41B77C296C510400E4B5A5 /* MeetingTimerView.swift */,
				AC44C85629659397000727C2 /* ScrumView.swift */,
				AC44C85A2965DBAD000727C2 /* DetailEditView.swift */,
				AC44C85829659C27000727C2 /* DetailView.swift */,
				ACC305D62966E035003EBA14 /* ThemesView.swift */,
				ACEF76CA2966EAE8007183BD /* ThemePicker.swift */,
				AC41B783296C669200E4B5A5 /* HistoryView.swift */,
				AC2258E9296852940095EDC4 /* MeetingHeaderView.swift */,
				AC1F5C1C296967A90099037C /* MeetingFooterView.swift */,
				AC1F5C16296964970099037C /* ScrumProgressViewStyle.swift */,
				AC44C85229658D5C000727C2 /* CardView.swift */,
				AC44C83F2965793E000727C2 /* MeetingView.swift */,
				AC44C8412965793F000727C2 /* Assets.xcassets */,
				AC44C8432965793F000727C2 /* Preview Content */,
			);
			path = Scrumdinger;
			sourceTree = "<group>";
		};
		AC44C8432965793F000727C2 /* Preview Content */ = {
			isa = PBXGroup;
			children = (
				AC44C8442965793F000727C2 /* Preview Assets.xcassets */,
			);
			path = "Preview Content";
			sourceTree = "<group>";
		};
		AC44C84B2965854C000727C2 /* Models */ = {
			isa = PBXGroup;
			children = (
				AC44C84C29658591000727C2 /* Theme.swift..swift */,
				AC41B77E296C53B200E4B5A5 /* SpeakerArc.swift */,
				AC1F5C1A296965410099037C /* AVPlayer+Ding.swift */,
				AC7E32C6296C1139007BF118 /* History .swift */,
				AC7E32C8296C14A7007BF118 /* ScrumStore.swift */,
				AC1F5C18296965020099037C /* ScrumTimer.swift */,
				AC41B778296C442C00E4B5A5 /* ErrorWrapped.swift */,
				AC41B781296C628800E4B5A5 /* SpeechRecognizer.swift */,
				AC44C84E29658948000727C2 /* DailyScrum.swift */,
			);
			path = Models;
			sourceTree = "<group>";
		};
/* End PBXGroup section */

/* Begin PBXNativeTarget section */
		AC44C8392965793E000727C2 /* Scrumdinger */ = {
			isa = PBXNativeTarget;
			buildConfigurationList = AC44C8482965793F000727C2 /* Build configuration list for PBXNativeTarget "Scrumdinger" */;
			buildPhases = (
				AC44C8362965793E000727C2 /* Sources */,
				AC44C8372965793E000727C2 /* Frameworks */,
				AC44C8382965793E000727C2 /* Resources */,
			);
			buildRules = (
			);
			dependencies = (
			);
			name = Scrumdinger;
			productName = Scrumdinger;
			productReference = AC44C83A2965793E000727C2 /* Scrumdinger.app */;
			productType = "com.apple.product-type.application";
		};
/* End PBXNativeTarget section */

/* Begin PBXProject section */
		AC44C8322965793E000727C2 /* Project object */ = {
			isa = PBXProject;
			attributes = {
				BuildIndependentTargetsInParallel = 1;
				LastSwiftUpdateCheck = 1410;
				LastUpgradeCheck = 1410;
				TargetAttributes = {
					AC44C8392965793E000727C2 = {
						CreatedOnToolsVersion = 14.1;
					};
				};
			};
			buildConfigurationList = AC44C8352965793E000727C2 /* Build configuration list for PBXProject "Scrumdinger" */;
			compatibilityVersion = "Xcode 14.0";
			developmentRegion = en;
			hasScannedForEncodings = 0;
			knownRegions = (
				en,
				Base,
			);
			mainGroup = AC44C8312965793E000727C2;
			productRefGroup = AC44C83B2965793E000727C2 /* Products */;
			projectDirPath = "";
			projectRoot = "";
			targets = (
				AC44C8392965793E000727C2 /* Scrumdinger */,
			);
		};
/* End PBXProject section */

/* Begin PBXResourcesBuildPhase section */
		AC44C8382965793E000727C2 /* Resources */ = {
			isa = PBXResourcesBuildPhase;
			buildActionMask = 2147483647;
			files = (
				AC44C8452965793F000727C2 /* Preview Assets.xcassets in Resources */,
				AC44C8422965793F000727C2 /* Assets.xcassets in Resources */,
			);
			runOnlyForDeploymentPostprocessing = 0;
		};
/* End PBXResourcesBuildPhase section */

/* Begin PBXSourcesBuildPhase section */
		AC44C8362965793E000727C2 /* Sources */ = {
			isa = PBXSourcesBuildPhase;
			buildActionMask = 2147483647;
			files = (
				ACEF76CB2966EAE8007183BD /* ThemePicker.swift in Sources */,
				AC1F5C17296964970099037C /* ScrumProgressViewStyle.swift in Sources */,
				ACC305D72966E035003EBA14 /* ThemesView.swift in Sources */,
				AC44C84F29658948000727C2 /* DailyScrum.swift in Sources */,
				AC7E32C9296C14A7007BF118 /* ScrumStore.swift in Sources */,
				AC1F5C1B296965410099037C /* AVPlayer+Ding.swift in Sources */,
				AC1F5C1D296967A90099037C /* MeetingFooterView.swift in Sources */,
				AC2258EA296852940095EDC4 /* MeetingHeaderView.swift in Sources */,
				AC41B779296C442C00E4B5A5 /* ErrorWrapped.swift in Sources */,
				AC41B77D296C510400E4B5A5 /* MeetingTimerView.swift in Sources */,
				AC41B784296C669200E4B5A5 /* HistoryView.swift in Sources */,
				AC1F5C19296965020099037C /* ScrumTimer.swift in Sources */,
				AC44C85929659C27000727C2 /* DetailView.swift in Sources */,
				AC44C85B2965DBAD000727C2 /* DetailEditView.swift in Sources */,
				AC44C85729659397000727C2 /* ScrumView.swift in Sources */,
				AC44C8552965914B000727C2 /* TrailingIconLabelStyle.swift in Sources */,
				AC44C8402965793E000727C2 /* MeetingView.swift in Sources */,
				AC41B782296C628800E4B5A5 /* SpeechRecognizer.swift in Sources */,
				AC41B77B296C449C00E4B5A5 /* ErrorView.swift in Sources */,
				AC44C83E2965793E000727C2 /* ScrumdingerApp.swift in Sources */,
				AC44C84D29658591000727C2 /* Theme.swift..swift in Sources */,
				AC44C85329658D5C000727C2 /* CardView.swift in Sources */,
				AC41B77F296C53B200E4B5A5 /* SpeakerArc.swift in Sources */,
				AC7E32C7296C1139007BF118 /* History .swift in Sources */,
			);
			runOnlyForDeploymentPostprocessing = 0;
		};
/* End PBXSourcesBuildPhase section */

/* Begin XCBuildConfiguration section */
		AC44C8462965793F000727C2 /* Debug */ = {
			isa = XCBuildConfiguration;
			buildSettings = {
				ALWAYS_SEARCH_USER_PATHS = NO;
				CLANG_ANALYZER_NONNULL = YES;
				CLANG_ANALYZER_NUMBER_OBJECT_CONVERSION = YES_AGGRESSIVE;
				CLANG_CXX_LANGUAGE_STANDARD = "gnu++20";
				CLANG_ENABLE_MODULES = YES;
				CLANG_ENABLE_OBJC_ARC = YES;
				CLANG_ENABLE_OBJC_WEAK = YES;
				CLANG_WARN_BLOCK_CAPTURE_AUTORELEASING = YES;
				CLANG_WARN_BOOL_CONVERSION = YES;
				CLANG_WARN_COMMA = YES;
				CLANG_WARN_CONSTANT_CONVERSION = YES;
				CLANG_WARN_DEPRECATED_OBJC_IMPLEMENTATIONS = YES;
				CLANG_WARN_DIRECT_OBJC_ISA_USAGE = YES_ERROR;
				CLANG_WARN_DOCUMENTATION_COMMENTS = YES;
				CLANG_WARN_EMPTY_BODY = YES;
				CLANG_WARN_ENUM_CONVERSION = YES;
				CLANG_WARN_INFINITE_RECURSION = YES;
				CLANG_WARN_INT_CONVERSION = YES;
				CLANG_WARN_NON_LITERAL_NULL_CONVERSION = YES;
				CLANG_WARN_OBJC_IMPLICIT_RETAIN_SELF = YES;
				CLANG_WARN_OBJC_LITERAL_CONVERSION = YES;
				CLANG_WARN_OBJC_ROOT_CLASS = YES_ERROR;
				CLANG_WARN_QUOTED_INCLUDE_IN_FRAMEWORK_HEADER = YES;
				CLANG_WARN_RANGE_LOOP_ANALYSIS = YES;
				CLANG_WARN_STRICT_PROTOTYPES = YES;
				CLANG_WARN_SUSPICIOUS_MOVE = YES;
				CLANG_WARN_UNGUARDED_AVAILABILITY = YES_AGGRESSIVE;
				CLANG_WARN_UNREACHABLE_CODE = YES;
				CLANG_WARN__DUPLICATE_METHOD_MATCH = YES;
				COPY_PHASE_STRIP = NO;
				DEBUG_INFORMATION_FORMAT = dwarf;
				ENABLE_STRICT_OBJC_MSGSEND = YES;
				ENABLE_TESTABILITY = YES;
				GCC_C_LANGUAGE_STANDARD = gnu11;
				GCC_DYNAMIC_NO_PIC = NO;
				GCC_NO_COMMON_BLOCKS = YES;
				GCC_OPTIMIZATION_LEVEL = 0;
				GCC_PREPROCESSOR_DEFINITIONS = (
					"DEBUG=1",
					"$(inherited)",
				);
				GCC_WARN_64_TO_32_BIT_CONVERSION = YES;
				GCC_WARN_ABOUT_RETURN_TYPE = YES_ERROR;
				GCC_WARN_UNDECLARED_SELECTOR = YES;
				GCC_WARN_UNINITIALIZED_AUTOS = YES_AGGRESSIVE;
				GCC_WARN_UNUSED_FUNCTION = YES;
				GCC_WARN_UNUSED_VARIABLE = YES;
				IPHONEOS_DEPLOYMENT_TARGET = 16.1;
				MTL_ENABLE_DEBUG_INFO = INCLUDE_SOURCE;
				MTL_FAST_MATH = YES;
				ONLY_ACTIVE_ARCH = YES;
				SDKROOT = iphoneos;
				SWIFT_ACTIVE_COMPILATION_CONDITIONS = DEBUG;
				SWIFT_OPTIMIZATION_LEVEL = "-Onone";
			};
			name = Debug;
		};
		AC44C8472965793F000727C2 /* Release */ = {
			isa = XCBuildConfiguration;
			buildSettings = {
				ALWAYS_SEARCH_USER_PATHS = NO;
				CLANG_ANALYZER_NONNULL = YES;
				CLANG_ANALYZER_NUMBER_OBJECT_CONVERSION = YES_AGGRESSIVE;
				CLANG_CXX_LANGUAGE_STANDARD = "gnu++20";
				CLANG_ENABLE_MODULES = YES;
				CLANG_ENABLE_OBJC_ARC = YES;
				CLANG_ENABLE_OBJC_WEAK = YES;
				CLANG_WARN_BLOCK_CAPTURE_AUTORELEASING = YES;
				CLANG_WARN_BOOL_CONVERSION = YES;
				CLANG_WARN_COMMA = YES;
				CLANG_WARN_CONSTANT_CONVERSION = YES;
				CLANG_WARN_DEPRECATED_OBJC_IMPLEMENTATIONS = YES;
				CLANG_WARN_DIRECT_OBJC_ISA_USAGE = YES_ERROR;
				CLANG_WARN_DOCUMENTATION_COMMENTS = YES;
				CLANG_WARN_EMPTY_BODY = YES;
				CLANG_WARN_ENUM_CONVERSION = YES;
				CLANG_WARN_INFINITE_RECURSION = YES;
				CLANG_WARN_INT_CONVERSION = YES;
				CLANG_WARN_NON_LITERAL_NULL_CONVERSION = YES;
				CLANG_WARN_OBJC_IMPLICIT_RETAIN_SELF = YES;
				CLANG_WARN_OBJC_LITERAL_CONVERSION = YES;
				CLANG_WARN_OBJC_ROOT_CLASS = YES_ERROR;
				CLANG_WARN_QUOTED_INCLUDE_IN_FRAMEWORK_HEADER = YES;
				CLANG_WARN_RANGE_LOOP_ANALYSIS = YES;
				CLANG_WARN_STRICT_PROTOTYPES = YES;
				CLANG_WARN_SUSPICIOUS_MOVE = YES;
				CLANG_WARN_UNGUARDED_AVAILABILITY = YES_AGGRESSIVE;
				CLANG_WARN_UNREACHABLE_CODE = YES;
				CLANG_WARN__DUPLICATE_METHOD_MATCH = YES;
				COPY_PHASE_STRIP = NO;
				DEBUG_INFORMATION_FORMAT = "dwarf-with-dsym";
				ENABLE_NS_ASSERTIONS = NO;
				ENABLE_STRICT_OBJC_MSGSEND = YES;
				GCC_C_LANGUAGE_STANDARD = gnu11;
				GCC_NO_COMMON_BLOCKS = YES;
				GCC_WARN_64_TO_32_BIT_CONVERSION = YES;
				GCC_WARN_ABOUT_RETURN_TYPE = YES_ERROR;
				GCC_WARN_UNDECLARED_SELECTOR = YES;
				GCC_WARN_UNINITIALIZED_AUTOS = YES_AGGRESSIVE;
				GCC_WARN_UNUSED_FUNCTION = YES;
				GCC_WARN_UNUSED_VARIABLE = YES;
				IPHONEOS_DEPLOYMENT_TARGET = 16.1;
				MTL_ENABLE_DEBUG_INFO = NO;
				MTL_FAST_MATH = YES;
				SDKROOT = iphoneos;
				SWIFT_COMPILATION_MODE = wholemodule;
				SWIFT_OPTIMIZATION_LEVEL = "-O";
				VALIDATE_PRODUCT = YES;
			};
			name = Release;
		};
		AC44C8492965793F000727C2 /* Debug */ = {
			isa = XCBuildConfiguration;
			buildSettings = {
				ASSETCATALOG_COMPILER_APPICON_NAME = AppIcon;
				ASSETCATALOG_COMPILER_GLOBAL_ACCENT_COLOR_NAME = AccentColor;
				CODE_SIGN_STYLE = Automatic;
				CURRENT_PROJECT_VERSION = 1;
				DEVELOPMENT_ASSET_PATHS = "\"Scrumdinger/Preview Content\"";
				DEVELOPMENT_TEAM = R8Q96AG2X9;
				ENABLE_PREVIEWS = YES;
				GENERATE_INFOPLIST_FILE = YES;
				INFOPLIST_FILE = Scrumdinger/Info.plist;
				INFOPLIST_KEY_CFBundleDisplayName = "";
				INFOPLIST_KEY_LSApplicationCategoryType = "";
				INFOPLIST_KEY_NSMicrophoneUsageDescription = "Audio is recorded to transcribe the meeting. Audio recordings are discarded after transcription.";
				INFOPLIST_KEY_NSSpeechRecognitionUsageDescription = "You can view a text transcription of your meeting in the app.";
				INFOPLIST_KEY_UIApplicationSceneManifest_Generation = YES;
				INFOPLIST_KEY_UIApplicationSupportsIndirectInputEvents = YES;
				INFOPLIST_KEY_UILaunchScreen_Generation = YES;
				INFOPLIST_KEY_UISupportedInterfaceOrientations_iPad = "UIInterfaceOrientationPortrait UIInterfaceOrientationPortraitUpsideDown UIInterfaceOrientationLandscapeLeft UIInterfaceOrientationLandscapeRight";
				INFOPLIST_KEY_UISupportedInterfaceOrientations_iPhone = "UIInterfaceOrientationPortrait UIInterfaceOrientationLandscapeLeft UIInterfaceOrientationLandscapeRight";
				IPHONEOS_DEPLOYMENT_TARGET = 15.0;
				LD_RUNPATH_SEARCH_PATHS = (
					"$(inherited)",
					"@executable_path/Frameworks",
				);
				MARKETING_VERSION = 1.0;
				PRODUCT_BUNDLE_IDENTIFIER = "norina-sofia.Scrumdinger";
				PRODUCT_NAME = "$(TARGET_NAME)";
				SUPPORTED_PLATFORMS = "iphoneos iphonesimulator";
				SUPPORTS_MACCATALYST = NO;
				SUPPORTS_MAC_DESIGNED_FOR_IPHONE_IPAD = NO;
				SWIFT_EMIT_LOC_STRINGS = YES;
				SWIFT_VERSION = 5.0;
				TARGETED_DEVICE_FAMILY = "1,2";
			};
			name = Debug;
		};
		AC44C84A2965793F000727C2 /* Release */ = {
			isa = XCBuildConfiguration;
			buildSettings = {
				ASSETCATALOG_COMPILER_APPICON_NAME = AppIcon;
				ASSETCATALOG_COMPILER_GLOBAL_ACCENT_COLOR_NAME = AccentColor;
				CODE_SIGN_STYLE = Automatic;
				CURRENT_PROJECT_VERSION = 1;
				DEVELOPMENT_ASSET_PATHS = "\"Scrumdinger/Preview Content\"";
				DEVELOPMENT_TEAM = R8Q96AG2X9;
				ENABLE_PREVIEWS = YES;
				GENERATE_INFOPLIST_FILE = YES;
				INFOPLIST_FILE = Scrumdinger/Info.plist;
				INFOPLIST_KEY_CFBundleDisplayName = "";
				INFOPLIST_KEY_LSApplicationCategoryType = "";
				INFOPLIST_KEY_NSMicrophoneUsageDescription = "Audio is recorded to transcribe the meeting. Audio recordings are discarded after transcription.";
				INFOPLIST_KEY_NSSpeechRecognitionUsageDescription = "You can view a text transcription of your meeting in the app.";
				INFOPLIST_KEY_UIApplicationSceneManifest_Generation = YES;
				INFOPLIST_KEY_UIApplicationSupportsIndirectInputEvents = YES;
				INFOPLIST_KEY_UILaunchScreen_Generation = YES;
				INFOPLIST_KEY_UISupportedInterfaceOrientations_iPad = "UIInterfaceOrientationPortrait UIInterfaceOrientationPortraitUpsideDown UIInterfaceOrientationLandscapeLeft UIInterfaceOrientationLandscapeRight";
				INFOPLIST_KEY_UISupportedInterfaceOrientations_iPhone = "UIInterfaceOrientationPortrait UIInterfaceOrientationLandscapeLeft UIInterfaceOrientationLandscapeRight";
				IPHONEOS_DEPLOYMENT_TARGET = 15.0;
				LD_RUNPATH_SEARCH_PATHS = (
					"$(inherited)",
					"@executable_path/Frameworks",
				);
				MARKETING_VERSION = 1.0;
				PRODUCT_BUNDLE_IDENTIFIER = "norina-sofia.Scrumdinger";
				PRODUCT_NAME = "$(TARGET_NAME)";
				SUPPORTED_PLATFORMS = "iphoneos iphonesimulator";
				SUPPORTS_MACCATALYST = NO;
				SUPPORTS_MAC_DESIGNED_FOR_IPHONE_IPAD = NO;
				SWIFT_EMIT_LOC_STRINGS = YES;
				SWIFT_VERSION = 5.0;
				TARGETED_DEVICE_FAMILY = "1,2";
			};
			name = Release;
		};
/* End XCBuildConfiguration section */

/* Begin XCConfigurationList section */
		AC44C8352965793E000727C2 /* Build configuration list for PBXProject "Scrumdinger" */ = {
			isa = XCConfigurationList;
			buildConfigurations = (
				AC44C8462965793F000727C2 /* Debug */,
				AC44C8472965793F000727C2 /* Release */,
			);
			defaultConfigurationIsVisible = 0;
			defaultConfigurationName = Release;
		};
		AC44C8482965793F000727C2 /* Build configuration list for PBXNativeTarget "Scrumdinger" */ = {
			isa = XCConfigurationList;
			buildConfigurations = (
				AC44C8492965793F000727C2 /* Debug */,
				AC44C84A2965793F000727C2 /* Release */,
			);
			defaultConfigurationIsVisible = 0;
			defaultConfigurationName = Release;
		};
/* End XCConfigurationList section */
	};
	rootObject = AC44C8322965793E000727C2 /* Project object */;
}
